<?xml version="1.0" encoding="utf-8"?>
<Project ToolsVersion="4.0" xmlns="http://schemas.microsoft.com/developer/msbuild/2003">
  <ItemGroup>
    <Filter Include="Source Files">
      <UniqueIdentifier>{4FC737F1-C7A5-4376-A066-2A32D752A2FF}</UniqueIdentifier>
      <Extensions>cpp;c;cc;cxx;c++;def;odl;idl;hpj;bat;asm;asmx</Extensions>
    </Filter>
    <Filter Include="Header Files">
      <UniqueIdentifier>{93995380-89BD-4b04-88EB-625FBE52EBFB}</UniqueIdentifier>
      <Extensions>h;hh;hpp;hxx;h++;hm;inl;inc;ipp;xsd</Extensions>
    </Filter>
    <Filter Include="Source Files\czInternal">
      <UniqueIdentifier>{3194906d-8641-422e-acd0-de98c616f5da}</UniqueIdentifier>
    </Filter>
    <Filter Include="Source Files\czInternal\ImGui">
      <UniqueIdentifier>{2671a2e2-1604-485c-8e67-7684de8ff57c}</UniqueIdentifier>
    </Filter>
    <Filter Include="Source Files\Resource Files">
      <UniqueIdentifier>{67DA6AB6-F800-4c08-8B7A-83BB121AAD01}</UniqueIdentifier>
      <Extensions>rc;ico;cur;bmp;dlg;rc2;rct;bin;rgs;gif;jpg;jpeg;jpe;resx;tiff;tif;png;wav;mfcribbon-ms</Extensions>
    </Filter>
  </ItemGroup>
  <ItemGroup>
    <ClInclude Include="framework.h">
      <Filter>Header Files</Filter>
    </ClInclude>
    <ClInclude Include="czConfig.h">
      <Filter>Header Files</Filter>
    </ClInclude>
    <ClInclude Include="czFPSWheel.h">
      <Filter>Header Files</Filter>
    </ClInclude>
  </ItemGroup>
  <ItemGroup>
    <ClCompile Include="dllmain.cpp">
      <Filter>Source Files</Filter>
    </ClCompile>
    <ClCompile Include="czConfig.cpp">
      <Filter>Source Files</Filter>
    </ClCompile>
    <ClCompile Include="czDrawing.cpp">
      <Filter>Source Files</Filter>
    </ClCompile>
    <ClCompile Include="czInput.cpp">
      <Filter>Source Files</Filter>
    </ClCompile>
    <ClCompile Include="..\..\czApi\ImGuiExt.cpp">
      <Filter>Source Files\czInternal</Filter>
    </ClCompile>
    <ClCompile Include="..\..\czApi\czApi.cpp">
      <Filter>Source Files\czInternal</Filter>
    </ClCompile>
    <ClCompile Include="..\..\czApi\czBind.cpp">
      <Filter>Source Files\czInternal</Filter>
    </ClCompile>
    <ClCompile Include="..\..\czApi\czGame.cpp">
      <Filter>Source Files\czInternal</Filter>
    </ClCompile>
    <ClCompile Include="..\..\czApi\czHook.cpp">
      <Filter>Source Files\czInternal</Filter>
    </ClCompile>
    <ClCompile Include="..\..\czApi\czStrings.cpp">
      <Filter>Source Files\czInternal</Filter>
    </ClCompile>
    <ClCompile Include="..\..\czApi\czUtils.cpp">
      <Filter>Source Files\czInternal</Filter>
    </ClCompile>
    <ClCompile Include="..\..\czApi\czVar.cpp">
      <Filter>Source Files\czInternal</Filter>
    </ClCompile>
    <ClCompile Include="..\..\czApi\czVectors.cpp">
      <Filter>Source Files\czInternal</Filter>
    </ClCompile>
    <ClCompile Include="..\..\czApi\dVar.cpp">
      <Filter>Source Files\czInternal</Filter>
    </ClCompile>
    <ClCompile Include="..\..\czApi\imgui\imgui_widgets.cpp">
      <Filter>Source Files\czInternal\ImGui</Filter>
    </ClCompile>
    <ClCompile Include="..\..\czApi\imgui\imgui.cpp">
      <Filter>Source Files\czInternal\ImGui</Filter>
    </ClCompile>
    <ClCompile Include="..\..\czApi\imgui\imgui_demo.cpp">
      <Filter>Source Files\czInternal\ImGui</Filter>
    </ClCompile>
    <ClCompile Include="..\..\czApi\imgui\imgui_draw.cpp">
      <Filter>Source Files\czInternal\ImGui</Filter>
    </ClCompile>
    <ClCompile Include="..\..\czApi\imgui\imgui_impl_win32.cpp">
      <Filter>Source Files\czInternal\ImGui</Filter>
    </ClCompile>
    <ClCompile Include="..\..\czApi\imgui\imgui_tables.cpp">
      <Filter>Source Files\czInternal\ImGui</Filter>
    </ClCompile>
    <ClCompile Include="..\..\czApi\imgui\imgui_impl_dx9.cpp">
      <Filter>Source Files\czInternal\ImGui</Filter>
    </ClCompile>
    <ClCompile Include="..\..\czApi\imgui\imgui_stdlib.cpp">
      <Filter>Source Files\czInternal\ImGui</Filter>
    </ClCompile>
    <ClCompile Include="..\..\czApi\czNotify.cpp">
      <Filter>Source Files\czInternal</Filter>
    </ClCompile>
    <ClCompile Include="..\..\czApi\MD5.cpp">
      <Filter>Source Files\czInternal</Filter>
    </ClCompile>
  </ItemGroup>
  <ItemGroup>
    <None Include="cpp.hint" />
  </ItemGroup>
</Project>